
Microsoft Visual Studio Solution File, Format Version 12.00
# Visual Studio Version 17
VisualStudioVersion = 17.5.002.0
MinimumVisualStudioVersion = 10.0.40219.1
Project("{9A19103F-16F7-4668-BE54-9A1E7A4F7556}") = "lab-1-5-console-commands-SavannaDickie", "lab-1-5-console-commands-SavannaDickie.csproj", "{3B851E06-4182-4E69-9C43-A7B685C8A9DC}"
EndProject
Global
	GlobalSection(SolutionConfigurationPlatforms) = preSolution
		Debug|Any CPU = Debug|Any CPU
		Release|Any CPU = Release|Any CPU
	EndGlobalSection
	GlobalSection(ProjectConfigurationPlatforms) = postSolution
		{3B851E06-4182-4E69-9C43-A7B685C8A9DC}.Debug|Any CPU.ActiveCfg = Debug|Any CPU
		{3B851E06-4182-4E69-9C43-A7B685C8A9DC}.Debug|Any CPU.Build.0 = Debug|Any CPU
		{3B851E06-4182-4E69-9C43-A7B685C8A9DC}.Release|Any CPU.ActiveCfg = Release|Any CPU
		{3B851E06-4182-4E69-9C43-A7B685C8A9DC}.Release|Any CPU.Build.0 = Release|Any CPU
	EndGlobalSection
	GlobalSection(SolutionProperties) = preSolution
		HideSolutionNode = FALSE
	EndGlobalSection
	GlobalSection(ExtensibilityGlobals) = postSolution
		SolutionGuid = {E5B18F83-2876-4A1F-A48D-08F422F1F177}
	EndGlobalSection
EndGlobal
